
Microsoft Visual Studio Solution File, Format Version 12.00
# Visual Studio 14
VisualStudioVersion = 14.0.25420.1
MinimumVisualStudioVersion = 10.0.40219.1
Project("{FAE04EC0-301F-11D3-BF4B-00C04F79EFBC}") = "SportsStore.Domain", "SportsStore.Domain\SportsStore.Domain.csproj", "{D2EE0AE4-FD9D-486B-A094-AC88F7760159}"
EndProject
Project("{FAE04EC0-301F-11D3-BF4B-00C04F79EFBC}") = "SportsStore.WebUI", "SportsStore.WebUI\SportsStore.WebUI.csproj", "{AFC88757-2BAA-49FF-A325-414E5527D9D9}"
EndProject
Project("{FAE04EC0-301F-11D3-BF4B-00C04F79EFBC}") = "SportsStore.UnitTests", "SportsStore.UnitTests\SportsStore.UnitTests.csproj", "{679A380D-01FC-48EA-84B9-236EDF441847}"
EndProject
Global
	GlobalSection(SolutionConfigurationPlatforms) = preSolution
		Debug|Any CPU = Debug|Any CPU
		Release|Any CPU = Release|Any CPU
	EndGlobalSection
	GlobalSection(ProjectConfigurationPlatforms) = postSolution
		{D2EE0AE4-FD9D-486B-A094-AC88F7760159}.Debug|Any CPU.ActiveCfg = Debug|Any CPU
		{D2EE0AE4-FD9D-486B-A094-AC88F7760159}.Debug|Any CPU.Build.0 = Debug|Any CPU
		{D2EE0AE4-FD9D-486B-A094-AC88F7760159}.Release|Any CPU.ActiveCfg = Release|Any CPU
		{D2EE0AE4-FD9D-486B-A094-AC88F7760159}.Release|Any CPU.Build.0 = Release|Any CPU
		{AFC88757-2BAA-49FF-A325-414E5527D9D9}.Debug|Any CPU.ActiveCfg = Debug|Any CPU
		{AFC88757-2BAA-49FF-A325-414E5527D9D9}.Debug|Any CPU.Build.0 = Debug|Any CPU
		{AFC88757-2BAA-49FF-A325-414E5527D9D9}.Release|Any CPU.ActiveCfg = Release|Any CPU
		{AFC88757-2BAA-49FF-A325-414E5527D9D9}.Release|Any CPU.Build.0 = Release|Any CPU
		{679A380D-01FC-48EA-84B9-236EDF441847}.Debug|Any CPU.ActiveCfg = Debug|Any CPU
		{679A380D-01FC-48EA-84B9-236EDF441847}.Debug|Any CPU.Build.0 = Debug|Any CPU
		{679A380D-01FC-48EA-84B9-236EDF441847}.Release|Any CPU.ActiveCfg = Release|Any CPU
		{679A380D-01FC-48EA-84B9-236EDF441847}.Release|Any CPU.Build.0 = Release|Any CPU
	EndGlobalSection
	GlobalSection(SolutionProperties) = preSolution
		HideSolutionNode = FALSE
	EndGlobalSection
EndGlobal
